# This file is automatically @generated by Cargo.
# It is not intended for manual editing.
version = 4

[[package]]
name = "dpctl"
version = "0.1.0"
dependencies = [
 "kd3b-device",
 "kd3b-protocol",
]

[[package]]
name = "kd3b-device"
version = "0.1.0"
dependencies = [
 "kd3b-protocol",
]

[[package]]
name = "kd3b-protocol"
version = "0.1.0"
